
Microsoft Visual Studio Solution File, Format Version 12.00
# Visual Studio Version 16
VisualStudioVersion = 16.0.32228.343
MinimumVisualStudioVersion = 10.0.40219.1
Project("{FAE04EC0-301F-11D3-BF4B-00C04F79EFBC}") = "assi_one_Qfive_mehrin", "assi_one_Qfive_mehrin\assi_one_Qfive_mehrin.csproj", "{2AF5B947-DCB9-46C4-B1E1-196AE69D5037}"
EndProject
Global
	GlobalSection(SolutionConfigurationPlatforms) = preSolution
		Debug|Any CPU = Debug|Any CPU
		Release|Any CPU = Release|Any CPU
	EndGlobalSection
	GlobalSection(ProjectConfigurationPlatforms) = postSolution
		{2AF5B947-DCB9-46C4-B1E1-196AE69D5037}.Debug|Any CPU.ActiveCfg = Debug|Any CPU
		{2AF5B947-DCB9-46C4-B1E1-196AE69D5037}.Debug|Any CPU.Build.0 = Debug|Any CPU
		{2AF5B947-DCB9-46C4-B1E1-196AE69D5037}.Release|Any CPU.ActiveCfg = Release|Any CPU
		{2AF5B947-DCB9-46C4-B1E1-196AE69D5037}.Release|Any CPU.Build.0 = Release|Any CPU
	EndGlobalSection
	GlobalSection(SolutionProperties) = preSolution
		HideSolutionNode = FALSE
	EndGlobalSection
	GlobalSection(ExtensibilityGlobals) = postSolution
		SolutionGuid = {2B984DF7-2DA1-4989-AE6E-4FD933C9F924}
	EndGlobalSection
EndGlobal
