
Microsoft Visual Studio Solution File, Format Version 12.00
# Visual Studio Version 16
VisualStudioVersion = 16.0.32228.343
MinimumVisualStudioVersion = 10.0.40219.1
Project("{FAE04EC0-301F-11D3-BF4B-00C04F79EFBC}") = "assi_1_Qsix_mehrin", "assi_1_Qsix_mehrin\assi_1_Qsix_mehrin.csproj", "{8DCCA832-A752-4C6B-B3D8-F17954040C49}"
EndProject
Global
	GlobalSection(SolutionConfigurationPlatforms) = preSolution
		Debug|Any CPU = Debug|Any CPU
		Release|Any CPU = Release|Any CPU
	EndGlobalSection
	GlobalSection(ProjectConfigurationPlatforms) = postSolution
		{8DCCA832-A752-4C6B-B3D8-F17954040C49}.Debug|Any CPU.ActiveCfg = Debug|Any CPU
		{8DCCA832-A752-4C6B-B3D8-F17954040C49}.Debug|Any CPU.Build.0 = Debug|Any CPU
		{8DCCA832-A752-4C6B-B3D8-F17954040C49}.Release|Any CPU.ActiveCfg = Release|Any CPU
		{8DCCA832-A752-4C6B-B3D8-F17954040C49}.Release|Any CPU.Build.0 = Release|Any CPU
	EndGlobalSection
	GlobalSection(SolutionProperties) = preSolution
		HideSolutionNode = FALSE
	EndGlobalSection
	GlobalSection(ExtensibilityGlobals) = postSolution
		SolutionGuid = {577260D7-2C73-44C2-A0D7-3B99E8217D95}
	EndGlobalSection
EndGlobal
