
Microsoft Visual Studio Solution File, Format Version 12.00
# Visual Studio Version 16
VisualStudioVersion = 16.0.32228.343
MinimumVisualStudioVersion = 10.0.40219.1
Project("{FAE04EC0-301F-11D3-BF4B-00C04F79EFBC}") = "assi_one_Qsecond_mehrin", "assi_one_Qsecond_mehrin\assi_one_Qsecond_mehrin.csproj", "{AF99578F-5FDC-4EA9-A86F-8EED4380A3A4}"
EndProject
Global
	GlobalSection(SolutionConfigurationPlatforms) = preSolution
		Debug|Any CPU = Debug|Any CPU
		Release|Any CPU = Release|Any CPU
	EndGlobalSection
	GlobalSection(ProjectConfigurationPlatforms) = postSolution
		{AF99578F-5FDC-4EA9-A86F-8EED4380A3A4}.Debug|Any CPU.ActiveCfg = Debug|Any CPU
		{AF99578F-5FDC-4EA9-A86F-8EED4380A3A4}.Debug|Any CPU.Build.0 = Debug|Any CPU
		{AF99578F-5FDC-4EA9-A86F-8EED4380A3A4}.Release|Any CPU.ActiveCfg = Release|Any CPU
		{AF99578F-5FDC-4EA9-A86F-8EED4380A3A4}.Release|Any CPU.Build.0 = Release|Any CPU
	EndGlobalSection
	GlobalSection(SolutionProperties) = preSolution
		HideSolutionNode = FALSE
	EndGlobalSection
	GlobalSection(ExtensibilityGlobals) = postSolution
		SolutionGuid = {B109ED3A-1551-4CA6-AFC6-A0C7D710EB43}
	EndGlobalSection
EndGlobal
