
Microsoft Visual Studio Solution File, Format Version 12.00
# Visual Studio Version 16
VisualStudioVersion = 16.0.32228.343
MinimumVisualStudioVersion = 10.0.40219.1
Project("{FAE04EC0-301F-11D3-BF4B-00C04F79EFBC}") = "assi_one_Qseven_mehrin", "assi_one_Qseven_mehrin\assi_one_Qseven_mehrin.csproj", "{84AE4E24-9311-4F5B-908D-186DCDD8A375}"
EndProject
Global
	GlobalSection(SolutionConfigurationPlatforms) = preSolution
		Debug|Any CPU = Debug|Any CPU
		Release|Any CPU = Release|Any CPU
	EndGlobalSection
	GlobalSection(ProjectConfigurationPlatforms) = postSolution
		{84AE4E24-9311-4F5B-908D-186DCDD8A375}.Debug|Any CPU.ActiveCfg = Debug|Any CPU
		{84AE4E24-9311-4F5B-908D-186DCDD8A375}.Debug|Any CPU.Build.0 = Debug|Any CPU
		{84AE4E24-9311-4F5B-908D-186DCDD8A375}.Release|Any CPU.ActiveCfg = Release|Any CPU
		{84AE4E24-9311-4F5B-908D-186DCDD8A375}.Release|Any CPU.Build.0 = Release|Any CPU
	EndGlobalSection
	GlobalSection(SolutionProperties) = preSolution
		HideSolutionNode = FALSE
	EndGlobalSection
	GlobalSection(ExtensibilityGlobals) = postSolution
		SolutionGuid = {CD70EDCC-4849-4845-BE70-F9A6381A9D3A}
	EndGlobalSection
EndGlobal
