
Microsoft Visual Studio Solution File, Format Version 12.00
# Visual Studio Version 16
VisualStudioVersion = 16.0.32228.343
MinimumVisualStudioVersion = 10.0.40219.1
Project("{FAE04EC0-301F-11D3-BF4B-00C04F79EFBC}") = "assi_1_Qsecond_mehrin", "assi_1_Qsecond_mehrin\assi_1_Qsecond_mehrin.csproj", "{48AD59BD-01E9-4433-8800-CF63A55DE155}"
EndProject
Global
	GlobalSection(SolutionConfigurationPlatforms) = preSolution
		Debug|Any CPU = Debug|Any CPU
		Release|Any CPU = Release|Any CPU
	EndGlobalSection
	GlobalSection(ProjectConfigurationPlatforms) = postSolution
		{48AD59BD-01E9-4433-8800-CF63A55DE155}.Debug|Any CPU.ActiveCfg = Debug|Any CPU
		{48AD59BD-01E9-4433-8800-CF63A55DE155}.Debug|Any CPU.Build.0 = Debug|Any CPU
		{48AD59BD-01E9-4433-8800-CF63A55DE155}.Release|Any CPU.ActiveCfg = Release|Any CPU
		{48AD59BD-01E9-4433-8800-CF63A55DE155}.Release|Any CPU.Build.0 = Release|Any CPU
	EndGlobalSection
	GlobalSection(SolutionProperties) = preSolution
		HideSolutionNode = FALSE
	EndGlobalSection
	GlobalSection(ExtensibilityGlobals) = postSolution
		SolutionGuid = {43FF76D0-222F-4BC6-B78C-12F2CBE82210}
	EndGlobalSection
EndGlobal
