
Microsoft Visual Studio Solution File, Format Version 12.00
# Visual Studio Version 16
VisualStudioVersion = 16.0.32228.343
MinimumVisualStudioVersion = 10.0.40219.1
Project("{FAE04EC0-301F-11D3-BF4B-00C04F79EFBC}") = "assi_1_Qthird_mehrin", "assi_1_Qthird_mehrin\assi_1_Qthird_mehrin.csproj", "{0AAA8D53-818C-49FA-989B-2F378C35DC81}"
EndProject
Global
	GlobalSection(SolutionConfigurationPlatforms) = preSolution
		Debug|Any CPU = Debug|Any CPU
		Release|Any CPU = Release|Any CPU
	EndGlobalSection
	GlobalSection(ProjectConfigurationPlatforms) = postSolution
		{0AAA8D53-818C-49FA-989B-2F378C35DC81}.Debug|Any CPU.ActiveCfg = Debug|Any CPU
		{0AAA8D53-818C-49FA-989B-2F378C35DC81}.Debug|Any CPU.Build.0 = Debug|Any CPU
		{0AAA8D53-818C-49FA-989B-2F378C35DC81}.Release|Any CPU.ActiveCfg = Release|Any CPU
		{0AAA8D53-818C-49FA-989B-2F378C35DC81}.Release|Any CPU.Build.0 = Release|Any CPU
	EndGlobalSection
	GlobalSection(SolutionProperties) = preSolution
		HideSolutionNode = FALSE
	EndGlobalSection
	GlobalSection(ExtensibilityGlobals) = postSolution
		SolutionGuid = {5D79E910-A8BA-4C06-90DC-76827C1227AE}
	EndGlobalSection
EndGlobal
