
Microsoft Visual Studio Solution File, Format Version 12.00
# Visual Studio Version 16
VisualStudioVersion = 16.0.32228.343
MinimumVisualStudioVersion = 10.0.40219.1
Project("{FAE04EC0-301F-11D3-BF4B-00C04F79EFBC}") = "assi_1_Qnine_mehrin", "assi_1_Qnine_mehrin\assi_1_Qnine_mehrin.csproj", "{5AC38739-A57E-4B31-BD65-91F08DD14FBA}"
EndProject
Global
	GlobalSection(SolutionConfigurationPlatforms) = preSolution
		Debug|Any CPU = Debug|Any CPU
		Release|Any CPU = Release|Any CPU
	EndGlobalSection
	GlobalSection(ProjectConfigurationPlatforms) = postSolution
		{5AC38739-A57E-4B31-BD65-91F08DD14FBA}.Debug|Any CPU.ActiveCfg = Debug|Any CPU
		{5AC38739-A57E-4B31-BD65-91F08DD14FBA}.Debug|Any CPU.Build.0 = Debug|Any CPU
		{5AC38739-A57E-4B31-BD65-91F08DD14FBA}.Release|Any CPU.ActiveCfg = Release|Any CPU
		{5AC38739-A57E-4B31-BD65-91F08DD14FBA}.Release|Any CPU.Build.0 = Release|Any CPU
	EndGlobalSection
	GlobalSection(SolutionProperties) = preSolution
		HideSolutionNode = FALSE
	EndGlobalSection
	GlobalSection(ExtensibilityGlobals) = postSolution
		SolutionGuid = {2294D1A0-DA8E-491D-9A36-6A22F553E470}
	EndGlobalSection
EndGlobal
